# This file is generated by running "yarn install" inside your project.
# Manual changes might be lost - proceed with caution!

__metadata:
  version: 6
  cacheKey: 8

"@esbuild/android-arm64@npm:0.16.3":
  version: 0.16.3
  resolution: "@esbuild/android-arm64@npm:0.16.3"
  conditions: os=android & cpu=arm64
  languageName: node
  linkType: hard

"@esbuild/android-arm@npm:0.16.3":
  version: 0.16.3
  resolution: "@esbuild/android-arm@npm:0.16.3"
  conditions: os=android & cpu=arm
  languageName: node
  linkType: hard

"@esbuild/android-x64@npm:0.16.3":
  version: 0.16.3
  resolution: "@esbuild/android-x64@npm:0.16.3"
  conditions: os=android & cpu=x64
  languageName: node
  linkType: hard

"@esbuild/darwin-arm64@npm:0.16.3":
  version: 0.16.3
  resolution: "@esbuild/darwin-arm64@npm:0.16.3"
  conditions: os=darwin & cpu=arm64
  languageName: node
  linkType: hard

"@esbuild/darwin-x64@npm:0.16.3":
  version: 0.16.3
  resolution: "@esbuild/darwin-x64@npm:0.16.3"
  conditions: os=darwin & cpu=x64
  languageName: node
  linkType: hard

"@esbuild/freebsd-arm64@npm:0.16.3":
  version: 0.16.3
  resolution: "@esbuild/freebsd-arm64@npm:0.16.3"
  conditions: os=freebsd & cpu=arm64
  languageName: node
  linkType: hard

"@esbuild/freebsd-x64@npm:0.16.3":
  version: 0.16.3
  resolution: "@esbuild/freebsd-x64@npm:0.16.3"
  conditions: os=freebsd & cpu=x64
  languageName: node
  linkType: hard

"@esbuild/linux-arm64@npm:0.16.3":
  version: 0.16.3
  resolution: "@esbuild/linux-arm64@npm:0.16.3"
  conditions: os=linux & cpu=arm64
  languageName: node
  linkType: hard

"@esbuild/linux-arm@npm:0.16.3":
  version: 0.16.3
  resolution: "@esbuild/linux-arm@npm:0.16.3"
  conditions: os=linux & cpu=arm
  languageName: node
  linkType: hard

"@esbuild/linux-ia32@npm:0.16.3":
  version: 0.16.3
  resolution: "@esbuild/linux-ia32@npm:0.16.3"
  conditions: os=linux & cpu=ia32
  languageName: node
  linkType: hard

"@esbuild/linux-loong64@npm:0.16.3":
  version: 0.16.3
  resolution: "@esbuild/linux-loong64@npm:0.16.3"
  conditions: os=linux & cpu=loong64
  languageName: node
  linkType: hard

"@esbuild/linux-mips64el@npm:0.16.3":
  version: 0.16.3
  resolution: "@esbuild/linux-mips64el@npm:0.16.3"
  conditions: os=linux & cpu=mips64el
  languageName: node
  linkType: hard

"@esbuild/linux-ppc64@npm:0.16.3":
  version: 0.16.3
  resolution: "@esbuild/linux-ppc64@npm:0.16.3"
  conditions: os=linux & cpu=ppc64
  languageName: node
  linkType: hard

"@esbuild/linux-riscv64@npm:0.16.3":
  version: 0.16.3
  resolution: "@esbuild/linux-riscv64@npm:0.16.3"
  conditions: os=linux & cpu=riscv64
  languageName: node
  linkType: hard

"@esbuild/linux-s390x@npm:0.16.3":
  version: 0.16.3
  resolution: "@esbuild/linux-s390x@npm:0.16.3"
  conditions: os=linux & cpu=s390x
  languageName: node
  linkType: hard

"@esbuild/linux-x64@npm:0.16.3":
  version: 0.16.3
  resolution: "@esbuild/linux-x64@npm:0.16.3"
  conditions: os=linux & cpu=x64
  languageName: node
  linkType: hard

"@esbuild/netbsd-x64@npm:0.16.3":
  version: 0.16.3
  resolution: "@esbuild/netbsd-x64@npm:0.16.3"
  conditions: os=netbsd & cpu=x64
  languageName: node
  linkType: hard

"@esbuild/openbsd-x64@npm:0.16.3":
  version: 0.16.3
  resolution: "@esbuild/openbsd-x64@npm:0.16.3"
  conditions: os=openbsd & cpu=x64
  languageName: node
  linkType: hard

"@esbuild/sunos-x64@npm:0.16.3":
  version: 0.16.3
  resolution: "@esbuild/sunos-x64@npm:0.16.3"
  conditions: os=sunos & cpu=x64
  languageName: node
  linkType: hard

"@esbuild/win32-arm64@npm:0.16.3":
  version: 0.16.3
  resolution: "@esbuild/win32-arm64@npm:0.16.3"
  conditions: os=win32 & cpu=arm64
  languageName: node
  linkType: hard

"@esbuild/win32-ia32@npm:0.16.3":
  version: 0.16.3
  resolution: "@esbuild/win32-ia32@npm:0.16.3"
  conditions: os=win32 & cpu=ia32
  languageName: node
  linkType: hard

"@esbuild/win32-x64@npm:0.16.3":
  version: 0.16.3
  resolution: "@esbuild/win32-x64@npm:0.16.3"
  conditions: os=win32 & cpu=x64
  languageName: node
  linkType: hard

"esbuild@npm:^0.16.3":
  version: 0.16.3
  resolution: "esbuild@npm:0.16.3"
  dependencies:
    "@esbuild/android-arm": 0.16.3
    "@esbuild/android-arm64": 0.16.3
    "@esbuild/android-x64": 0.16.3
    "@esbuild/darwin-arm64": 0.16.3
    "@esbuild/darwin-x64": 0.16.3
    "@esbuild/freebsd-arm64": 0.16.3
    "@esbuild/freebsd-x64": 0.16.3
    "@esbuild/linux-arm": 0.16.3
    "@esbuild/linux-arm64": 0.16.3
    "@esbuild/linux-ia32": 0.16.3
    "@esbuild/linux-loong64": 0.16.3
    "@esbuild/linux-mips64el": 0.16.3
    "@esbuild/linux-ppc64": 0.16.3
    "@esbuild/linux-riscv64": 0.16.3
    "@esbuild/linux-s390x": 0.16.3
    "@esbuild/linux-x64": 0.16.3
    "@esbuild/netbsd-x64": 0.16.3
    "@esbuild/openbsd-x64": 0.16.3
    "@esbuild/sunos-x64": 0.16.3
    "@esbuild/win32-arm64": 0.16.3
    "@esbuild/win32-ia32": 0.16.3
    "@esbuild/win32-x64": 0.16.3
  dependenciesMeta:
    "@esbuild/android-arm":
      optional: true
    "@esbuild/android-arm64":
      optional: true
    "@esbuild/android-x64":
      optional: true
    "@esbuild/darwin-arm64":
      optional: true
    "@esbuild/darwin-x64":
      optional: true
    "@esbuild/freebsd-arm64":
      optional: true
    "@esbuild/freebsd-x64":
      optional: true
    "@esbuild/linux-arm":
      optional: true
    "@esbuild/linux-arm64":
      optional: true
    "@esbuild/linux-ia32":
      optional: true
    "@esbuild/linux-loong64":
      optional: true
    "@esbuild/linux-mips64el":
      optional: true
    "@esbuild/linux-ppc64":
      optional: true
    "@esbuild/linux-riscv64":
      optional: true
    "@esbuild/linux-s390x":
      optional: true
    "@esbuild/linux-x64":
      optional: true
    "@esbuild/netbsd-x64":
      optional: true
    "@esbuild/openbsd-x64":
      optional: true
    "@esbuild/sunos-x64":
      optional: true
    "@esbuild/win32-arm64":
      optional: true
    "@esbuild/win32-ia32":
      optional: true
    "@esbuild/win32-x64":
      optional: true
  bin:
    esbuild: bin/esbuild
  checksum: c2986b0433c6048b917c185067ea42427413ef4136c45012e180e48fc24e6f01af9c94ca7e9bc6dd29ac529af45d26c9d4eb5b8639c9a79f68f337d24aeda2af
  languageName: node
  linkType: hard

"gh-pkg-test@workspace:.":
  version: 0.0.0-use.local
  resolution: "gh-pkg-test@workspace:."
  dependencies:
    esbuild: ^0.16.3
    is-even: ^1.0.0
  languageName: unknown
  linkType: soft

"is-buffer@npm:^1.1.5":
  version: 1.1.6
  resolution: "is-buffer@npm:1.1.6"
  checksum: 4a186d995d8bbf9153b4bd9ff9fd04ae75068fe695d29025d25e592d9488911eeece84eefbd8fa41b8ddcc0711058a71d4c466dcf6f1f6e1d83830052d8ca707
  languageName: node
  linkType: hard

"is-even@npm:^1.0.0":
  version: 1.0.0
  resolution: "is-even@npm:1.0.0"
  dependencies:
    is-odd: ^0.1.2
  checksum: 0267545d7cb6724aee249e88942cf22f6263aa006cd9bf83c2ddbb2a1d47280e8c4d72b2d50e38bd3575df717c993904b44153cc1772a55dabca250ca40cc4f7
  languageName: node
  linkType: hard

"is-number@npm:^3.0.0":
  version: 3.0.0
  resolution: "is-number@npm:3.0.0"
  dependencies:
    kind-of: ^3.0.2
  checksum: 0c62bf8e9d72c4dd203a74d8cfc751c746e75513380fef420cda8237e619a988ee43e678ddb23c87ac24d91ac0fe9f22e4ffb1301a50310c697e9d73ca3994e9
  languageName: node
  linkType: hard

"is-odd@npm:^0.1.2":
  version: 0.1.2
  resolution: "is-odd@npm:0.1.2"
  dependencies:
    is-number: ^3.0.0
  checksum: 146069d7622c991c75c17ca63bccf5470cd730c24082874e53e797a10ff38a896197d6ce34ad137a2f422dcc614b10ff24d31fe93dcdb29f0cb758f2d924f477
  languageName: node
  linkType: hard

"kind-of@npm:^3.0.2":
  version: 3.2.2
  resolution: "kind-of@npm:3.2.2"
  dependencies:
    is-buffer: ^1.1.5
  checksum: e898df8ca2f31038f27d24f0b8080da7be274f986bc6ed176f37c77c454d76627619e1681f6f9d2e8d2fd7557a18ecc419a6bb54e422abcbb8da8f1a75e4b386
  languageName: node
  linkType: hard
